
Microsoft Visual Studio Solution File, Format Version 12.00
# Visual Studio 15
VisualStudioVersion = 15.0.27703.2042
MinimumVisualStudioVersion = 10.0.40219.1
Project("{FAE04EC0-301F-11D3-BF4B-00C04F79EFBC}") = "CloudBerryRehber", "CloudBerryRehber\CloudBerryRehber.csproj", "{9CB04B45-FF67-4FDD-8639-4A87841EABA9}"
EndProject
Global
	GlobalSection(SolutionConfigurationPlatforms) = preSolution
		Debug|Any CPU = Debug|Any CPU
		Release|Any CPU = Release|Any CPU
	EndGlobalSection
	GlobalSection(ProjectConfigurationPlatforms) = postSolution
		{9CB04B45-FF67-4FDD-8639-4A87841EABA9}.Debug|Any CPU.ActiveCfg = Debug|Any CPU
		{9CB04B45-FF67-4FDD-8639-4A87841EABA9}.Debug|Any CPU.Build.0 = Debug|Any CPU
		{9CB04B45-FF67-4FDD-8639-4A87841EABA9}.Release|Any CPU.ActiveCfg = Release|Any CPU
		{9CB04B45-FF67-4FDD-8639-4A87841EABA9}.Release|Any CPU.Build.0 = Release|Any CPU
	EndGlobalSection
	GlobalSection(SolutionProperties) = preSolution
		HideSolutionNode = FALSE
	EndGlobalSection
	GlobalSection(ExtensibilityGlobals) = postSolution
		SolutionGuid = {2F8C8356-6508-4F6B-96B5-E9A3CBC8B5F3}
	EndGlobalSection
EndGlobal
